
Microsoft Visual Studio Solution File, Format Version 12.00
Project("{FAE04EC0-301F-11D3-BF4B-00C04F79EFBC}") = "TransactionalClock.Host", "TransactionalClock.Host\TransactionalClock.Host.csproj", "{BBBBC774-3B7C-49AE-BDE7-5B1D52067633}"
EndProject
Project("{2150E333-8FDC-42A3-9474-1A3956D46DE8}") = "Solution Items", "Solution Items", "{FF550F4E-5A6E-4328-98A4-2AF07D21457E}"
	ProjectSection(SolutionItems) = preProject
		compose.yaml = compose.yaml
	EndProjectSection
EndProject
Global
	GlobalSection(SolutionConfigurationPlatforms) = preSolution
		Debug|Any CPU = Debug|Any CPU
		Release|Any CPU = Release|Any CPU
	EndGlobalSection
	GlobalSection(ProjectConfigurationPlatforms) = postSolution
		{BBBBC774-3B7C-49AE-BDE7-5B1D52067633}.Debug|Any CPU.ActiveCfg = Debug|Any CPU
		{BBBBC774-3B7C-49AE-BDE7-5B1D52067633}.Debug|Any CPU.Build.0 = Debug|Any CPU
		{BBBBC774-3B7C-49AE-BDE7-5B1D52067633}.Release|Any CPU.ActiveCfg = Release|Any CPU
		{BBBBC774-3B7C-49AE-BDE7-5B1D52067633}.Release|Any CPU.Build.0 = Release|Any CPU
	EndGlobalSection
EndGlobal
