
Microsoft Visual Studio Solution File, Format Version 12.00
Project("{FAE04EC0-301F-11D3-BF4B-00C04F79EFBC}") = "TransactionalClock.Host", "TransactionalClock.Host\TransactionalClock.Host.csproj", "{5267F9CC-457C-4C8C-B10B-EB4880C8EBFA}"
EndProject
Global
	GlobalSection(SolutionConfigurationPlatforms) = preSolution
		Debug|Any CPU = Debug|Any CPU
		Release|Any CPU = Release|Any CPU
	EndGlobalSection
	GlobalSection(ProjectConfigurationPlatforms) = postSolution
		{5267F9CC-457C-4C8C-B10B-EB4880C8EBFA}.Debug|Any CPU.ActiveCfg = Debug|Any CPU
		{5267F9CC-457C-4C8C-B10B-EB4880C8EBFA}.Debug|Any CPU.Build.0 = Debug|Any CPU
		{5267F9CC-457C-4C8C-B10B-EB4880C8EBFA}.Release|Any CPU.ActiveCfg = Release|Any CPU
		{5267F9CC-457C-4C8C-B10B-EB4880C8EBFA}.Release|Any CPU.Build.0 = Release|Any CPU
	EndGlobalSection
EndGlobal
